
Microsoft Visual Studio Solution File, Format Version 12.00
# Visual Studio Version 17
VisualStudioVersion = 17.7.34024.191
MinimumVisualStudioVersion = 10.0.40219.1
Project("{8BC9CEB8-8B4A-11D0-8D11-00A0C91BC942}") = "elevator1-1", "..\elevator1-1\elevator1-1.vcxproj", "{FF201573-8290-4A2F-9567-1A377902F714}"
EndProject
Global
	GlobalSection(SolutionConfigurationPlatforms) = preSolution
		Debug|x64 = Debug|x64
		Debug|x86 = Debug|x86
		Release|x64 = Release|x64
		Release|x86 = Release|x86
	EndGlobalSection
	GlobalSection(ProjectConfigurationPlatforms) = postSolution
		{FF201573-8290-4A2F-9567-1A377902F714}.Debug|x64.ActiveCfg = Debug|x64
		{FF201573-8290-4A2F-9567-1A377902F714}.Debug|x64.Build.0 = Debug|x64
		{FF201573-8290-4A2F-9567-1A377902F714}.Debug|x86.ActiveCfg = Debug|Win32
		{FF201573-8290-4A2F-9567-1A377902F714}.Debug|x86.Build.0 = Debug|Win32
		{FF201573-8290-4A2F-9567-1A377902F714}.Release|x64.ActiveCfg = Release|x64
		{FF201573-8290-4A2F-9567-1A377902F714}.Release|x64.Build.0 = Release|x64
		{FF201573-8290-4A2F-9567-1A377902F714}.Release|x86.ActiveCfg = Release|Win32
		{FF201573-8290-4A2F-9567-1A377902F714}.Release|x86.Build.0 = Release|Win32
	EndGlobalSection
	GlobalSection(SolutionProperties) = preSolution
		HideSolutionNode = FALSE
	EndGlobalSection
	GlobalSection(ExtensibilityGlobals) = postSolution
		SolutionGuid = {8EAA5B97-7C7A-4E72-ABF9-09A21D1C01AF}
	EndGlobalSection
EndGlobal
